
Microsoft Visual Studio Solution File, Format Version 12.00
Project("{FAE04EC0-301F-11D3-BF4B-00C04F79EFBC}") = "cs-aspnet-dapper", "cs-aspnet-dapper\cs-aspnet-dapper.csproj", "{6C14BFA7-FBD3-472D-AA69-11263DAF112D}"
EndProject
Global
	GlobalSection(SolutionConfigurationPlatforms) = preSolution
		Debug|Any CPU = Debug|Any CPU
		Release|Any CPU = Release|Any CPU
	EndGlobalSection
	GlobalSection(ProjectConfigurationPlatforms) = postSolution
		{6C14BFA7-FBD3-472D-AA69-11263DAF112D}.Debug|Any CPU.ActiveCfg = Debug|Any CPU
		{6C14BFA7-FBD3-472D-AA69-11263DAF112D}.Debug|Any CPU.Build.0 = Debug|Any CPU
		{6C14BFA7-FBD3-472D-AA69-11263DAF112D}.Release|Any CPU.ActiveCfg = Release|Any CPU
		{6C14BFA7-FBD3-472D-AA69-11263DAF112D}.Release|Any CPU.Build.0 = Release|Any CPU
	EndGlobalSection
EndGlobal
